
Microsoft Visual Studio Solution File, Format Version 12.00
# Visual Studio 14
VisualStudioVersion = 14.0.25123.0
MinimumVisualStudioVersion = 10.0.40219.1
Project("{FAE04EC0-301F-11D3-BF4B-00C04F79EFBC}") = "MultiCurrencyMoney", "MultiCurrencyMoney\MultiCurrencyMoney.csproj", "{BA3F754F-1CFF-4E54-B3CD-3D2E413BE9E1}"
EndProject
Project("{FAE04EC0-301F-11D3-BF4B-00C04F79EFBC}") = "MultiCurrencyMoneyTests", "MultiCurrencyMoneyTests\MultiCurrencyMoneyTests.csproj", "{897FC702-194C-4E0B-9CB7-3372BEF78363}"
EndProject
Global
	GlobalSection(SolutionConfigurationPlatforms) = preSolution
		Debug|Any CPU = Debug|Any CPU
		Release|Any CPU = Release|Any CPU
	EndGlobalSection
	GlobalSection(ProjectConfigurationPlatforms) = postSolution
		{BA3F754F-1CFF-4E54-B3CD-3D2E413BE9E1}.Debug|Any CPU.ActiveCfg = Debug|Any CPU
		{BA3F754F-1CFF-4E54-B3CD-3D2E413BE9E1}.Debug|Any CPU.Build.0 = Debug|Any CPU
		{BA3F754F-1CFF-4E54-B3CD-3D2E413BE9E1}.Release|Any CPU.ActiveCfg = Release|Any CPU
		{BA3F754F-1CFF-4E54-B3CD-3D2E413BE9E1}.Release|Any CPU.Build.0 = Release|Any CPU
		{897FC702-194C-4E0B-9CB7-3372BEF78363}.Debug|Any CPU.ActiveCfg = Debug|Any CPU
		{897FC702-194C-4E0B-9CB7-3372BEF78363}.Debug|Any CPU.Build.0 = Debug|Any CPU
		{897FC702-194C-4E0B-9CB7-3372BEF78363}.Release|Any CPU.ActiveCfg = Release|Any CPU
		{897FC702-194C-4E0B-9CB7-3372BEF78363}.Release|Any CPU.Build.0 = Release|Any CPU
	EndGlobalSection
	GlobalSection(SolutionProperties) = preSolution
		HideSolutionNode = FALSE
	EndGlobalSection
EndGlobal
